// !$*UTF8*$!
{
	archiveVersion = 1;
	classes = {
	};
	objectVersion = 50;
	objects = {

/* Begin PBXBuildFile section */
		FB83FC6C25CE395D0083D47F /* AppDelegate.swift in Sources */ = {isa = PBXBuildFile; fileRef = FB83FC6B25CE395D0083D47F /* AppDelegate.swift */; };
		FB83FC6E25CE395D0083D47F /* SceneDelegate.swift in Sources */ = {isa = PBXBuildFile; fileRef = FB83FC6D25CE395D0083D47F /* SceneDelegate.swift */; };
		FB83FC7025CE395D0083D47F /* ViewController.swift in Sources */ = {isa = PBXBuildFile; fileRef = FB83FC6F25CE395D0083D47F /* ViewController.swift */; };
		FB83FC7325CE395D0083D47F /* Main.storyboard in Resources */ = {isa = PBXBuildFile; fileRef = FB83FC7125CE395D0083D47F /* Main.storyboard */; };
		FB83FC7525CE395E0083D47F /* Assets.xcassets in Resources */ = {isa = PBXBuildFile; fileRef = FB83FC7425CE395E0083D47F /* Assets.xcassets */; };
		FB83FC7825CE395E0083D47F /* LaunchScreen.storyboard in Resources */ = {isa = PBXBuildFile; fileRef = FB83FC7625CE395E0083D47F /* LaunchScreen.storyboard */; };
		FB83FC8325CE395E0083D47F /* TechtaGramTests.swift in Sources */ = {isa = PBXBuildFile; fileRef = FB83FC8225CE395E0083D47F /* TechtaGramTests.swift */; };
		FB83FC8E25CE395E0083D47F /* TechtaGramUITests.swift in Sources */ = {isa = PBXBuildFile; fileRef = FB83FC8D25CE395E0083D47F /* TechtaGramUITests.swift */; };
/* End PBXBuildFile section */

/* Begin PBXContainerItemProxy section */
		FB83FC7F25CE395E0083D47F /* PBXContainerItemProxy */ = {
			isa = PBXContainerItemProxy;
			containerPortal = FB83FC6025CE395D0083D47F /* Project object */;
			proxyType = 1;
			remoteGlobalIDString = FB83FC6725CE395D0083D47F;
			remoteInfo = TechtaGram;
		};
		FB83FC8A25CE395E0083D47F /* PBXContainerItemProxy */ = {
			isa = PBXContainerItemProxy;
			containerPortal = FB83FC6025CE395D0083D47F /* Project object */;
			proxyType = 1;
			remoteGlobalIDString = FB83FC6725CE395D0083D47F;
			remoteInfo = TechtaGram;
		};
/* End PBXContainerItemProxy section */

/* Begin PBXFileReference section */
		FB83FC6825CE395D0083D47F /* TechtaGram.app */ = {isa = PBXFileReference; explicitFileType = wrapper.application; includeInIndex = 0; path = TechtaGram.app; sourceTree = BUILT_PRODUCTS_DIR; };
		FB83FC6B25CE395D0083D47F /* AppDelegate.swift */ = {isa = PBXFileReference; lastKnownFileType = sourcecode.swift; path = AppDelegate.swift; sourceTree = "<group>"; };
		FB83FC6D25CE395D0083D47F /* SceneDelegate.swift */ = {isa = PBXFileReference; lastKnownFileType = sourcecode.swift; path = SceneDelegate.swift; sourceTree = "<group>"; };
		FB83FC6F25CE395D0083D47F /* ViewController.swift */ = {isa = PBXFileReference; lastKnownFileType = sourcecode.swift; path = ViewController.swift; sourceTree = "<group>"; };
		FB83FC7225CE395D0083D47F /* Base */ = {isa = PBXFileReference; lastKnownFileType = file.storyboard; name = Base; path = Base.lproj/Main.storyboard; sourceTree = "<group>"; };
		FB83FC7425CE395E0083D47F /* Assets.xcassets */ = {isa = PBXFileReference; lastKnownFileType = folder.assetcatalog; path = Assets.xcassets; sourceTree = "<group>"; };
		FB83FC7725CE395E0083D47F /* Base */ = {isa = PBXFileReference; lastKnownFileType = file.storyboard; name = Base; path = Base.lproj/LaunchScreen.storyboard; sourceTree = "<group>"; };
		FB83FC7925CE395E0083D47F /* Info.plist */ = {isa = PBXFileReference; lastKnownFileType = text.plist.xml; path = Info.plist; sourceTree = "<group>"; };
		FB83FC7E25CE395E0083D47F /* TechtaGramTests.xctest */ = {isa = PBXFileReference; explicitFileType = wrapper.cfbundle; includeInIndex = 0; path = TechtaGramTests.xctest; sourceTree = BUILT_PRODUCTS_DIR; };
		FB83FC8225CE395E0083D47F /* TechtaGramTests.swift */ = {isa = PBXFileReference; lastKnownFileType = sourcecode.swift; path = TechtaGramTests.swift; sourceTree = "<group>"; };
		FB83FC8425CE395E0083D47F /* Info.plist */ = {isa = PBXFileReference; lastKnownFileType = text.plist.xml; path = Info.plist; sourceTree = "<group>"; };
		FB83FC8925CE395E0083D47F /* TechtaGramUITests.xctest */ = {isa = PBXFileReference; explicitFileType = wrapper.cfbundle; includeInIndex = 0; path = TechtaGramUITests.xctest; sourceTree = BUILT_PRODUCTS_DIR; };
		FB83FC8D25CE395E0083D47F /* TechtaGramUITests.swift */ = {isa = PBXFileReference; lastKnownFileType = sourcecode.swift; path = TechtaGramUITests.swift; sourceTree = "<group>"; };
		FB83FC8F25CE395E0083D47F /* Info.plist */ = {isa = PBXFileReference; lastKnownFileType = text.plist.xml; path = Info.plist; sourceTree = "<group>"; };
/* End PBXFileReference section */

/* Begin PBXFrameworksBuildPhase section */
		FB83FC6525CE395D0083D47F /* Frameworks */ = {
			isa = PBXFrameworksBuildPhase;
			buildActionMask = 2147483647;
			files = (
			);
			runOnlyForDeploymentPostprocessing = 0;
		};
		FB83FC7B25CE395E0083D47F /* Frameworks */ = {
			isa = PBXFrameworksBuildPhase;
			buildActionMask = 2147483647;
			files = (
			);
			runOnlyForDeploymentPostprocessing = 0;
		};
		FB83FC8625CE395E0083D47F /* Frameworks */ = {
			isa = PBXFrameworksBuildPhase;
			buildActionMask = 2147483647;
			files = (
			);
			runOnlyForDeploymentPostprocessing = 0;
		};
/* End PBXFrameworksBuildPhase section */

/* Begin PBXGroup section */
		FB83FC5F25CE395D0083D47F = {
			isa = PBXGroup;
			children = (
				FB83FC6A25CE395D0083D47F /* TechtaGram */,
				FB83FC8125CE395E0083D47F /* TechtaGramTests */,
				FB83FC8C25CE395E0083D47F /* TechtaGramUITests */,
				FB83FC6925CE395D0083D47F /* Products */,
			);
			sourceTree = "<group>";
		};
		FB83FC6925CE395D0083D47F /* Products */ = {
			isa = PBXGroup;
			children = (
				FB83FC6825CE395D0083D47F /* TechtaGram.app */,
				FB83FC7E25CE395E0083D47F /* TechtaGramTests.xctest */,
				FB83FC8925CE395E0083D47F /* TechtaGramUITests.xctest */,
			);
			name = Products;
			sourceTree = "<group>";
		};
		FB83FC6A25CE395D0083D47F /* TechtaGram */ = {
			isa = PBXGroup;
			children = (
				FB83FC6B25CE395D0083D47F /* AppDelegate.swift */,
				FB83FC6D25CE395D0083D47F /* SceneDelegate.swift */,
				FB83FC6F25CE395D0083D47F /* ViewController.swift */,
				FB83FC7125CE395D0083D47F /* Main.storyboard */,
				FB83FC7425CE395E0083D47F /* Assets.xcassets */,
				FB83FC7625CE395E0083D47F /* LaunchScreen.storyboard */,
				FB83FC7925CE395E0083D47F /* Info.plist */,
			);
			path = TechtaGram;
			sourceTree = "<group>";
		};
		FB83FC8125CE395E0083D47F /* TechtaGramTests */ = {
			isa = PBXGroup;
			children = (
				FB83FC8225CE395E0083D47F /* TechtaGramTests.swift */,
				FB83FC8425CE395E0083D47F /* Info.plist */,
			);
			path = TechtaGramTests;
			sourceTree = "<group>";
		};
		FB83FC8C25CE395E0083D47F /* TechtaGramUITests */ = {
			isa = PBXGroup;
			children = (
				FB83FC8D25CE395E0083D47F /* TechtaGramUITests.swift */,
				FB83FC8F25CE395E0083D47F /* Info.plist */,
			);
			path = TechtaGramUITests;
			sourceTree = "<group>";
		};
/* End PBXGroup section */

/* Begin PBXNativeTarget section */
		FB83FC6725CE395D0083D47F /* TechtaGram */ = {
			isa = PBXNativeTarget;
			buildConfigurationList = FB83FC9225CE395E0083D47F /* Build configuration list for PBXNativeTarget "TechtaGram" */;
			buildPhases = (
				FB83FC6425CE395D0083D47F /* Sources */,
				FB83FC6525CE395D0083D47F /* Frameworks */,
				FB83FC6625CE395D0083D47F /* Resources */,
			);
			buildRules = (
			);
			dependencies = (
			);
			name = TechtaGram;
			productName = TechtaGram;
			productReference = FB83FC6825CE395D0083D47F /* TechtaGram.app */;
			productType = "com.apple.product-type.application";
		};
		FB83FC7D25CE395E0083D47F /* TechtaGramTests */ = {
			isa = PBXNativeTarget;
			buildConfigurationList = FB83FC9525CE395E0083D47F /* Build configuration list for PBXNativeTarget "TechtaGramTests" */;
			buildPhases = (
				FB83FC7A25CE395E0083D47F /* Sources */,
				FB83FC7B25CE395E0083D47F /* Frameworks */,
				FB83FC7C25CE395E0083D47F /* Resources */,
			);
			buildRules = (
			);
			dependencies = (
				FB83FC8025CE395E0083D47F /* PBXTargetDependency */,
			);
			name = TechtaGramTests;
			productName = TechtaGramTests;
			productReference = FB83FC7E25CE395E0083D47F /* TechtaGramTests.xctest */;
			productType = "com.apple.product-type.bundle.unit-test";
		};
		FB83FC8825CE395E0083D47F /* TechtaGramUITests */ = {
			isa = PBXNativeTarget;
			buildConfigurationList = FB83FC9825CE395E0083D47F /* Build configuration list for PBXNativeTarget "TechtaGramUITests" */;
			buildPhases = (
				FB83FC8525CE395E0083D47F /* Sources */,
				FB83FC8625CE395E0083D47F /* Frameworks */,
				FB83FC8725CE395E0083D47F /* Resources */,
			);
			buildRules = (
			);
			dependencies = (
				FB83FC8B25CE395E0083D47F /* PBXTargetDependency */,
			);
			name = TechtaGramUITests;
			productName = TechtaGramUITests;
			productReference = FB83FC8925CE395E0083D47F /* TechtaGramUITests.xctest */;
			productType = "com.apple.product-type.bundle.ui-testing";
		};
/* End PBXNativeTarget section */

/* Begin PBXProject section */
		FB83FC6025CE395D0083D47F /* Project object */ = {
			isa = PBXProject;
			attributes = {
				LastSwiftUpdateCheck = 1240;
				LastUpgradeCheck = 1240;
				TargetAttributes = {
					FB83FC6725CE395D0083D47F = {
						CreatedOnToolsVersion = 12.4;
					};
					FB83FC7D25CE395E0083D47F = {
						CreatedOnToolsVersion = 12.4;
						TestTargetID = FB83FC6725CE395D0083D47F;
					};
					FB83FC8825CE395E0083D47F = {
						CreatedOnToolsVersion = 12.4;
						TestTargetID = FB83FC6725CE395D0083D47F;
					};
				};
			};
			buildConfigurationList = FB83FC6325CE395D0083D47F /* Build configuration list for PBXProject "TechtaGram" */;
			compatibilityVersion = "Xcode 9.3";
			developmentRegion = en;
			hasScannedForEncodings = 0;
			knownRegions = (
				en,
				Base,
			);
			mainGroup = FB83FC5F25CE395D0083D47F;
			productRefGroup = FB83FC6925CE395D0083D47F /* Products */;
			projectDirPath = "";
			projectRoot = "";
			targets = (
				FB83FC6725CE395D0083D47F /* TechtaGram */,
				FB83FC7D25CE395E0083D47F /* TechtaGramTests */,
				FB83FC8825CE395E0083D47F /* TechtaGramUITests */,
			);
		};
/* End PBXProject section */

/* Begin PBXResourcesBuildPhase section */
		FB83FC6625CE395D0083D47F /* Resources */ = {
			isa = PBXResourcesBuildPhase;
			buildActionMask = 2147483647;
			files = (
				FB83FC7825CE395E0083D47F /* LaunchScreen.storyboard in Resources */,
				FB83FC7525CE395E0083D47F /* Assets.xcassets in Resources */,
				FB83FC7325CE395D0083D47F /* Main.storyboard in Resources */,
			);
			runOnlyForDeploymentPostprocessing = 0;
		};
		FB83FC7C25CE395E0083D47F /* Resources */ = {
			isa = PBXResourcesBuildPhase;
			buildActionMask = 2147483647;
			files = (
			);
			runOnlyForDeploymentPostprocessing = 0;
		};
		FB83FC8725CE395E0083D47F /* Resources */ = {
			isa = PBXResourcesBuildPhase;
			buildActionMask = 2147483647;
			files = (
			);
			runOnlyForDeploymentPostprocessing = 0;
		};
/* End PBXResourcesBuildPhase section */

/* Begin PBXSourcesBuildPhase section */
		FB83FC6425CE395D0083D47F /* Sources */ = {
			isa = PBXSourcesBuildPhase;
			buildActionMask = 2147483647;
			files = (
				FB83FC7025CE395D0083D47F /* ViewController.swift in Sources */,
				FB83FC6C25CE395D0083D47F /* AppDelegate.swift in Sources */,
				FB83FC6E25CE395D0083D47F /* SceneDelegate.swift in Sources */,
			);
			runOnlyForDeploymentPostprocessing = 0;
		};
		FB83FC7A25CE395E0083D47F /* Sources */ = {
			isa = PBXSourcesBuildPhase;
			buildActionMask = 2147483647;
			files = (
				FB83FC8325CE395E0083D47F /* TechtaGramTests.swift in Sources */,
			);
			runOnlyForDeploymentPostprocessing = 0;
		};
		FB83FC8525CE395E0083D47F /* Sources */ = {
			isa = PBXSourcesBuildPhase;
			buildActionMask = 2147483647;
			files = (
				FB83FC8E25CE395E0083D47F /* TechtaGramUITests.swift in Sources */,
			);
			runOnlyForDeploymentPostprocessing = 0;
		};
/* End PBXSourcesBuildPhase section */

/* Begin PBXTargetDependency section */
		FB83FC8025CE395E0083D47F /* PBXTargetDependency */ = {
			isa = PBXTargetDependency;
			target = FB83FC6725CE395D0083D47F /* TechtaGram */;
			targetProxy = FB83FC7F25CE395E0083D47F /* PBXContainerItemProxy */;
		};
		FB83FC8B25CE395E0083D47F /* PBXTargetDependency */ = {
			isa = PBXTargetDependency;
			target = FB83FC6725CE395D0083D47F /* TechtaGram */;
			targetProxy = FB83FC8A25CE395E0083D47F /* PBXContainerItemProxy */;
		};
/* End PBXTargetDependency section */

/* Begin PBXVariantGroup section */
		FB83FC7125CE395D0083D47F /* Main.storyboard */ = {
			isa = PBXVariantGroup;
			children = (
				FB83FC7225CE395D0083D47F /* Base */,
			);
			name = Main.storyboard;
			sourceTree = "<group>";
		};
		FB83FC7625CE395E0083D47F /* LaunchScreen.storyboard */ = {
			isa = PBXVariantGroup;
			children = (
				FB83FC7725CE395E0083D47F /* Base */,
			);
			name = LaunchScreen.storyboard;
			sourceTree = "<group>";
		};
/* End PBXVariantGroup section */

/* Begin XCBuildConfiguration section */
		FB83FC9025CE395E0083D47F /* Debug */ = {
			isa = XCBuildConfiguration;
			buildSettings = {
				ALWAYS_SEARCH_USER_PATHS = NO;
				CLANG_ANALYZER_NONNULL = YES;
				CLANG_ANALYZER_NUMBER_OBJECT_CONVERSION = YES_AGGRESSIVE;
				CLANG_CXX_LANGUAGE_STANDARD = "gnu++14";
				CLANG_CXX_LIBRARY = "libc++";
				CLANG_ENABLE_MODULES = YES;
				CLANG_ENABLE_OBJC_ARC = YES;
				CLANG_ENABLE_OBJC_WEAK = YES;
				CLANG_WARN_BLOCK_CAPTURE_AUTORELEASING = YES;
				CLANG_WARN_BOOL_CONVERSION = YES;
				CLANG_WARN_COMMA = YES;
				CLANG_WARN_CONSTANT_CONVERSION = YES;
				CLANG_WARN_DEPRECATED_OBJC_IMPLEMENTATIONS = YES;
				CLANG_WARN_DIRECT_OBJC_ISA_USAGE = YES_ERROR;
				CLANG_WARN_DOCUMENTATION_COMMENTS = YES;
				CLANG_WARN_EMPTY_BODY = YES;
				CLANG_WARN_ENUM_CONVERSION = YES;
				CLANG_WARN_INFINITE_RECURSION = YES;
				CLANG_WARN_INT_CONVERSION = YES;
				CLANG_WARN_NON_LITERAL_NULL_CONVERSION = YES;
				CLANG_WARN_OBJC_IMPLICIT_RETAIN_SELF = YES;
				CLANG_WARN_OBJC_LITERAL_CONVERSION = YES;
				CLANG_WARN_OBJC_ROOT_CLASS = YES_ERROR;
				CLANG_WARN_QUOTED_INCLUDE_IN_FRAMEWORK_HEADER = YES;
				CLANG_WARN_RANGE_LOOP_ANALYSIS = YES;
				CLANG_WARN_STRICT_PROTOTYPES = YES;
				CLANG_WARN_SUSPICIOUS_MOVE = YES;
				CLANG_WARN_UNGUARDED_AVAILABILITY = YES_AGGRESSIVE;
				CLANG_WARN_UNREACHABLE_CODE = YES;
				CLANG_WARN__DUPLICATE_METHOD_MATCH = YES;
				COPY_PHASE_STRIP = NO;
				DEBUG_INFORMATION_FORMAT = dwarf;
				ENABLE_STRICT_OBJC_MSGSEND = YES;
				ENABLE_TESTABILITY = YES;
				GCC_C_LANGUAGE_STANDARD = gnu11;
				GCC_DYNAMIC_NO_PIC = NO;
				GCC_NO_COMMON_BLOCKS = YES;
				GCC_OPTIMIZATION_LEVEL = 0;
				GCC_PREPROCESSOR_DEFINITIONS = (
					"DEBUG=1",
					"$(inherited)",
				);
				GCC_WARN_64_TO_32_BIT_CONVERSION = YES;
				GCC_WARN_ABOUT_RETURN_TYPE = YES_ERROR;
				GCC_WARN_UNDECLARED_SELECTOR = YES;
				GCC_WARN_UNINITIALIZED_AUTOS = YES_AGGRESSIVE;
				GCC_WARN_UNUSED_FUNCTION = YES;
				GCC_WARN_UNUSED_VARIABLE = YES;
				IPHONEOS_DEPLOYMENT_TARGET = 14.4;
				MTL_ENABLE_DEBUG_INFO = INCLUDE_SOURCE;
				MTL_FAST_MATH = YES;
				ONLY_ACTIVE_ARCH = YES;
				SDKROOT = iphoneos;
				SWIFT_ACTIVE_COMPILATION_CONDITIONS = DEBUG;
				SWIFT_OPTIMIZATION_LEVEL = "-Onone";
			};
			name = Debug;
		};
		FB83FC9125CE395E0083D47F /* Release */ = {
			isa = XCBuildConfiguration;
			buildSettings = {
				ALWAYS_SEARCH_USER_PATHS = NO;
				CLANG_ANALYZER_NONNULL = YES;
				CLANG_ANALYZER_NUMBER_OBJECT_CONVERSION = YES_AGGRESSIVE;
				CLANG_CXX_LANGUAGE_STANDARD = "gnu++14";
				CLANG_CXX_LIBRARY = "libc++";
				CLANG_ENABLE_MODULES = YES;
				CLANG_ENABLE_OBJC_ARC = YES;
				CLANG_ENABLE_OBJC_WEAK = YES;
				CLANG_WARN_BLOCK_CAPTURE_AUTORELEASING = YES;
				CLANG_WARN_BOOL_CONVERSION = YES;
				CLANG_WARN_COMMA = YES;
				CLANG_WARN_CONSTANT_CONVERSION = YES;
				CLANG_WARN_DEPRECATED_OBJC_IMPLEMENTATIONS = YES;
				CLANG_WARN_DIRECT_OBJC_ISA_USAGE = YES_ERROR;
				CLANG_WARN_DOCUMENTATION_COMMENTS = YES;
				CLANG_WARN_EMPTY_BODY = YES;
				CLANG_WARN_ENUM_CONVERSION = YES;
				CLANG_WARN_INFINITE_RECURSION = YES;
				CLANG_WARN_INT_CONVERSION = YES;
				CLANG_WARN_NON_LITERAL_NULL_CONVERSION = YES;
				CLANG_WARN_OBJC_IMPLICIT_RETAIN_SELF = YES;
				CLANG_WARN_OBJC_LITERAL_CONVERSION = YES;
				CLANG_WARN_OBJC_ROOT_CLASS = YES_ERROR;
				CLANG_WARN_QUOTED_INCLUDE_IN_FRAMEWORK_HEADER = YES;
				CLANG_WARN_RANGE_LOOP_ANALYSIS = YES;
				CLANG_WARN_STRICT_PROTOTYPES = YES;
				CLANG_WARN_SUSPICIOUS_MOVE = YES;
				CLANG_WARN_UNGUARDED_AVAILABILITY = YES_AGGRESSIVE;
				CLANG_WARN_UNREACHABLE_CODE = YES;
				CLANG_WARN__DUPLICATE_METHOD_MATCH = YES;
				COPY_PHASE_STRIP = NO;
				DEBUG_INFORMATION_FORMAT = "dwarf-with-dsym";
				ENABLE_NS_ASSERTIONS = NO;
				ENABLE_STRICT_OBJC_MSGSEND = YES;
				GCC_C_LANGUAGE_STANDARD = gnu11;
				GCC_NO_COMMON_BLOCKS = YES;
				GCC_WARN_64_TO_32_BIT_CONVERSION = YES;
				GCC_WARN_ABOUT_RETURN_TYPE = YES_ERROR;
				GCC_WARN_UNDECLARED_SELECTOR = YES;
				GCC_WARN_UNINITIALIZED_AUTOS = YES_AGGRESSIVE;
				GCC_WARN_UNUSED_FUNCTION = YES;
				GCC_WARN_UNUSED_VARIABLE = YES;
				IPHONEOS_DEPLOYMENT_TARGET = 14.4;
				MTL_ENABLE_DEBUG_INFO = NO;
				MTL_FAST_MATH = YES;
				SDKROOT = iphoneos;
				SWIFT_COMPILATION_MODE = wholemodule;
				SWIFT_OPTIMIZATION_LEVEL = "-O";
				VALIDATE_PRODUCT = YES;
			};
			name = Release;
		};
		FB83FC9325CE395E0083D47F /* Debug */ = {
			isa = XCBuildConfiguration;
			buildSettings = {
				ASSETCATALOG_COMPILER_APPICON_NAME = AppIcon;
				ASSETCATALOG_COMPILER_GLOBAL_ACCENT_COLOR_NAME = AccentColor;
				CODE_SIGN_STYLE = Automatic;
				INFOPLIST_FILE = TechtaGram/Info.plist;
				LD_RUNPATH_SEARCH_PATHS = (
					"$(inherited)",
					"@executable_path/Frameworks",
				);
				PRODUCT_BUNDLE_IDENTIFIER = app.ito.ayu.TechtaGram;
				PRODUCT_NAME = "$(TARGET_NAME)";
				SWIFT_VERSION = 5.0;
				TARGETED_DEVICE_FAMILY = "1,2";
			};
			name = Debug;
		};
		FB83FC9425CE395E0083D47F /* Release */ = {
			isa = XCBuildConfiguration;
			buildSettings = {
				ASSETCATALOG_COMPILER_APPICON_NAME = AppIcon;
				ASSETCATALOG_COMPILER_GLOBAL_ACCENT_COLOR_NAME = AccentColor;
				CODE_SIGN_STYLE = Automatic;
				INFOPLIST_FILE = TechtaGram/Info.plist;
				LD_RUNPATH_SEARCH_PATHS = (
					"$(inherited)",
					"@executable_path/Frameworks",
				);
				PRODUCT_BUNDLE_IDENTIFIER = app.ito.ayu.TechtaGram;
				PRODUCT_NAME = "$(TARGET_NAME)";
				SWIFT_VERSION = 5.0;
				TARGETED_DEVICE_FAMILY = "1,2";
			};
			name = Release;
		};
		FB83FC9625CE395E0083D47F /* Debug */ = {
			isa = XCBuildConfiguration;
			buildSettings = {
				ALWAYS_EMBED_SWIFT_STANDARD_LIBRARIES = YES;
				BUNDLE_LOADER = "$(TEST_HOST)";
				CODE_SIGN_STYLE = Automatic;
				INFOPLIST_FILE = TechtaGramTests/Info.plist;
				IPHONEOS_DEPLOYMENT_TARGET = 14.4;
				LD_RUNPATH_SEARCH_PATHS = (
					"$(inherited)",
					"@executable_path/Frameworks",
					"@loader_path/Frameworks",
				);
				PRODUCT_BUNDLE_IDENTIFIER = app.ito.ayu.TechtaGramTests;
				PRODUCT_NAME = "$(TARGET_NAME)";
				SWIFT_VERSION = 5.0;
				TARGETED_DEVICE_FAMILY = "1,2";
				TEST_HOST = "$(BUILT_PRODUCTS_DIR)/TechtaGram.app/TechtaGram";
			};
			name = Debug;
		};
		FB83FC9725CE395E0083D47F /* Release */ = {
			isa = XCBuildConfiguration;
			buildSettings = {
				ALWAYS_EMBED_SWIFT_STANDARD_LIBRARIES = YES;
				BUNDLE_LOADER = "$(TEST_HOST)";
				CODE_SIGN_STYLE = Automatic;
				INFOPLIST_FILE = TechtaGramTests/Info.plist;
				IPHONEOS_DEPLOYMENT_TARGET = 14.4;
				LD_RUNPATH_SEARCH_PATHS = (
					"$(inherited)",
					"@executable_path/Frameworks",
					"@loader_path/Frameworks",
				);
				PRODUCT_BUNDLE_IDENTIFIER = app.ito.ayu.TechtaGramTests;
				PRODUCT_NAME = "$(TARGET_NAME)";
				SWIFT_VERSION = 5.0;
				TARGETED_DEVICE_FAMILY = "1,2";
				TEST_HOST = "$(BUILT_PRODUCTS_DIR)/TechtaGram.app/TechtaGram";
			};
			name = Release;
		};
		FB83FC9925CE395E0083D47F /* Debug */ = {
			isa = XCBuildConfiguration;
			buildSettings = {
				ALWAYS_EMBED_SWIFT_STANDARD_LIBRARIES = YES;
				CODE_SIGN_STYLE = Automatic;
				INFOPLIST_FILE = TechtaGramUITests/Info.plist;
				LD_RUNPATH_SEARCH_PATHS = (
					"$(inherited)",
					"@executable_path/Frameworks",
					"@loader_path/Frameworks",
				);
				PRODUCT_BUNDLE_IDENTIFIER = app.ito.ayu.TechtaGramUITests;
				PRODUCT_NAME = "$(TARGET_NAME)";
				SWIFT_VERSION = 5.0;
				TARGETED_DEVICE_FAMILY = "1,2";
				TEST_TARGET_NAME = TechtaGram;
			};
			name = Debug;
		};
		FB83FC9A25CE395E0083D47F /* Release */ = {
			isa = XCBuildConfiguration;
			buildSettings = {
				ALWAYS_EMBED_SWIFT_STANDARD_LIBRARIES = YES;
				CODE_SIGN_STYLE = Automatic;
				INFOPLIST_FILE = TechtaGramUITests/Info.plist;
				LD_RUNPATH_SEARCH_PATHS = (
					"$(inherited)",
					"@executable_path/Frameworks",
					"@loader_path/Frameworks",
				);
				PRODUCT_BUNDLE_IDENTIFIER = app.ito.ayu.TechtaGramUITests;
				PRODUCT_NAME = "$(TARGET_NAME)";
				SWIFT_VERSION = 5.0;
				TARGETED_DEVICE_FAMILY = "1,2";
				TEST_TARGET_NAME = TechtaGram;
			};
			name = Release;
		};
/* End XCBuildConfiguration section */

/* Begin XCConfigurationList section */
		FB83FC6325CE395D0083D47F /* Build configuration list for PBXProject "TechtaGram" */ = {
			isa = XCConfigurationList;
			buildConfigurations = (
				FB83FC9025CE395E0083D47F /* Debug */,
				FB83FC9125CE395E0083D47F /* Release */,
			);
			defaultConfigurationIsVisible = 0;
			defaultConfigurationName = Release;
		};
		FB83FC9225CE395E0083D47F /* Build configuration list for PBXNativeTarget "TechtaGram" */ = {
			isa = XCConfigurationList;
			buildConfigurations = (
				FB83FC9325CE395E0083D47F /* Debug */,
				FB83FC9425CE395E0083D47F /* Release */,
			);
			defaultConfigurationIsVisible = 0;
			defaultConfigurationName = Release;
		};
		FB83FC9525CE395E0083D47F /* Build configuration list for PBXNativeTarget "TechtaGramTests" */ = {
			isa = XCConfigurationList;
			buildConfigurations = (
				FB83FC9625CE395E0083D47F /* Debug */,
				FB83FC9725CE395E0083D47F /* Release */,
			);
			defaultConfigurationIsVisible = 0;
			defaultConfigurationName = Release;
		};
		FB83FC9825CE395E0083D47F /* Build configuration list for PBXNativeTarget "TechtaGramUITests" */ = {
			isa = XCConfigurationList;
			buildConfigurations = (
				FB83FC9925CE395E0083D47F /* Debug */,
				FB83FC9A25CE395E0083D47F /* Release */,
			);
			defaultConfigurationIsVisible = 0;
			defaultConfigurationName = Release;
		};
/* End XCConfigurationList section */
	};
	rootObject = FB83FC6025CE395D0083D47F /* Project object */;
}
